
Microsoft Visual Studio Solution File, Format Version 12.00
# Visual Studio Version 16
VisualStudioVersion = 16.0.29911.84
MinimumVisualStudioVersion = 10.0.40219.1
Project("{FAE04EC0-301F-11D3-BF4B-00C04F79EFBC}") = "Lab14", "Lab14\Lab14.csproj", "{6F4D0E63-89D8-4F22-8778-4DDA471DA93D}"
EndProject
Global
	GlobalSection(SolutionConfigurationPlatforms) = preSolution
		Debug|Any CPU = Debug|Any CPU
		Release|Any CPU = Release|Any CPU
	EndGlobalSection
	GlobalSection(ProjectConfigurationPlatforms) = postSolution
		{6F4D0E63-89D8-4F22-8778-4DDA471DA93D}.Debug|Any CPU.ActiveCfg = Debug|Any CPU
		{6F4D0E63-89D8-4F22-8778-4DDA471DA93D}.Debug|Any CPU.Build.0 = Debug|Any CPU
		{6F4D0E63-89D8-4F22-8778-4DDA471DA93D}.Release|Any CPU.ActiveCfg = Release|Any CPU
		{6F4D0E63-89D8-4F22-8778-4DDA471DA93D}.Release|Any CPU.Build.0 = Release|Any CPU
	EndGlobalSection
	GlobalSection(SolutionProperties) = preSolution
		HideSolutionNode = FALSE
	EndGlobalSection
	GlobalSection(ExtensibilityGlobals) = postSolution
		SolutionGuid = {15AE1D35-6F88-4567-9E85-9B011E01F487}
	EndGlobalSection
EndGlobal
