
Microsoft Visual Studio Solution File, Format Version 12.00
# Visual Studio Version 16
VisualStudioVersion = 16.0.29424.173
MinimumVisualStudioVersion = 10.0.40219.1
Project("{FAE04EC0-301F-11D3-BF4B-00C04F79EFBC}") = "Lab2", "Lab2\Lab2.csproj", "{27761750-9F83-4296-A89F-5339FF7D1D2A}"
EndProject
Global
	GlobalSection(SolutionConfigurationPlatforms) = preSolution
		Debug|Any CPU = Debug|Any CPU
		Release|Any CPU = Release|Any CPU
	EndGlobalSection
	GlobalSection(ProjectConfigurationPlatforms) = postSolution
		{27761750-9F83-4296-A89F-5339FF7D1D2A}.Debug|Any CPU.ActiveCfg = Debug|Any CPU
		{27761750-9F83-4296-A89F-5339FF7D1D2A}.Debug|Any CPU.Build.0 = Debug|Any CPU
		{27761750-9F83-4296-A89F-5339FF7D1D2A}.Release|Any CPU.ActiveCfg = Release|Any CPU
		{27761750-9F83-4296-A89F-5339FF7D1D2A}.Release|Any CPU.Build.0 = Release|Any CPU
	EndGlobalSection
	GlobalSection(SolutionProperties) = preSolution
		HideSolutionNode = FALSE
	EndGlobalSection
	GlobalSection(ExtensibilityGlobals) = postSolution
		SolutionGuid = {938DE01F-7FA3-4847-BBD5-5E862D5026F7}
	EndGlobalSection
EndGlobal
