
Microsoft Visual Studio Solution File, Format Version 12.00
# Visual Studio Version 16
VisualStudioVersion = 16.0.29424.173
MinimumVisualStudioVersion = 10.0.40219.1
Project("{FAE04EC0-301F-11D3-BF4B-00C04F79EFBC}") = "Lab6", "Lab6\Lab6.csproj", "{EFC643B2-1AC7-4380-AF58-4AB67F926E9A}"
EndProject
Global
	GlobalSection(SolutionConfigurationPlatforms) = preSolution
		Debug|Any CPU = Debug|Any CPU
		Release|Any CPU = Release|Any CPU
	EndGlobalSection
	GlobalSection(ProjectConfigurationPlatforms) = postSolution
		{EFC643B2-1AC7-4380-AF58-4AB67F926E9A}.Debug|Any CPU.ActiveCfg = Debug|Any CPU
		{EFC643B2-1AC7-4380-AF58-4AB67F926E9A}.Debug|Any CPU.Build.0 = Debug|Any CPU
		{EFC643B2-1AC7-4380-AF58-4AB67F926E9A}.Release|Any CPU.ActiveCfg = Release|Any CPU
		{EFC643B2-1AC7-4380-AF58-4AB67F926E9A}.Release|Any CPU.Build.0 = Release|Any CPU
	EndGlobalSection
	GlobalSection(SolutionProperties) = preSolution
		HideSolutionNode = FALSE
	EndGlobalSection
	GlobalSection(ExtensibilityGlobals) = postSolution
		SolutionGuid = {DD5862D5-8BE1-4F83-8BC4-635756CDE7D0}
	EndGlobalSection
EndGlobal
